
Microsoft Visual Studio Solution File, Format Version 12.00
# Visual Studio Version 17
VisualStudioVersion = 17.4.33205.214
MinimumVisualStudioVersion = 10.0.40219.1
Project("{FAE04EC0-301F-11D3-BF4B-00C04F79EFBC}") = "ConsoleApp1", "ConsoleApp1.csproj", "{CCE5609A-4AC8-4C40-8830-27D557FAD79C}"
EndProject
Global
	GlobalSection(SolutionConfigurationPlatforms) = preSolution
		Debug|Any CPU = Debug|Any CPU
		Release|Any CPU = Release|Any CPU
	EndGlobalSection
	GlobalSection(ProjectConfigurationPlatforms) = postSolution
		{CCE5609A-4AC8-4C40-8830-27D557FAD79C}.Debug|Any CPU.ActiveCfg = Debug|Any CPU
		{CCE5609A-4AC8-4C40-8830-27D557FAD79C}.Debug|Any CPU.Build.0 = Debug|Any CPU
		{CCE5609A-4AC8-4C40-8830-27D557FAD79C}.Release|Any CPU.ActiveCfg = Release|Any CPU
		{CCE5609A-4AC8-4C40-8830-27D557FAD79C}.Release|Any CPU.Build.0 = Release|Any CPU
	EndGlobalSection
	GlobalSection(SolutionProperties) = preSolution
		HideSolutionNode = FALSE
	EndGlobalSection
	GlobalSection(ExtensibilityGlobals) = postSolution
		SolutionGuid = {A932C9FD-5703-4920-A75A-0A62CAE0C572}
	EndGlobalSection
EndGlobal
